{
  "version": 4,
  "terraform_version": "1.15.7",
  "serial": 10,
  "lineage": "f9cf3065-72f5-4d35-aebc-d0f596fd15fd",
  "outputs": {},
  "resources": [
    {
      "mode": "managed",
      "type": "azurerm_bastion_host",
      "name": "int-bastion",
      "provider": "provider[\"registry.terraform.io/hashicorp/azurerm\"]",
      "instances": [
        {
          "schema_version": 0,
          "attributes": {
            "copy_paste_enabled": true,
            "dns_name": "bst-189fc0bc-1271-4431-81a5-c794024ff96f.bastion.azure.com",
            "file_copy_enabled": false,
            "id": "/subscriptions/0ea79fff-4d8c-4687-8082-109098c41c25/resourceGroups/IntLB-RGnew/providers/Microsoft.Network/bastionHosts/myBastionHost",
            "ip_configuration": [
              {
                "name": "bastion-ip-config",
                "public_ip_address_id": "/subscriptions/0ea79fff-4d8c-4687-8082-109098c41c25/resourceGroups/IntLB-RGnew/providers/Microsoft.Network/publicIPAddresses/myBastionPublicIP",
                "subnet_id": "/subscriptions/0ea79fff-4d8c-4687-8082-109098c41c25/resourceGroups/IntLB-RGnew/providers/Microsoft.Network/virtualNetworks/intlb-vnet/subnets/AzureBastionSubnet"
              }
            ],
            "ip_connect_enabled": false,
            "kerberos_enabled": false,
            "location": "eastus",
            "name": "myBastionHost",
            "private_only_enabled": false,
            "resource_group_name": "IntLB-RGnew",
            "scale_units": 2,
            "session_recording_enabled": false,
            "shareable_link_enabled": false,
            "sku": "Standard",
            "tags": {},
            "timeouts": null,
            "tunneling_enabled": false,
            "virtual_network_id": "",
            "zones": []
          },
          "sensitive_attributes": [],
          "identity_schema_version": 0,
          "identity": {
            "name": "myBastionHost",
            "resource_group_name": "IntLB-RGnew",
            "subscription_id": "0ea79fff-4d8c-4687-8082-109098c41c25"
          },
          "private": "eyJlMmJmYjczMC1lY2FhLTExZTYtOGY4OC0zNDM2M2JjN2M0YzAiOnsiY3JlYXRlIjoxODAwMDAwMDAwMDAwLCJkZWxldGUiOjE4MDAwMDAwMDAwMDAsInJlYWQiOjMwMDAwMDAwMDAwMCwidXBkYXRlIjoxODAwMDAwMDAwMDAwfX0=",
          "dependencies": [
            "azurerm_public_ip.bastion-pip",
            "azurerm_resource_group.rgmain",
            "azurerm_subnet.bastion-subnet",
            "azurerm_virtual_network.int-vnet"
          ]
        }
      ]
    },
    {
      "mode": "managed",
      "type": "azurerm_lb",
      "name": "int-lb",
      "provider": "provider[\"registry.terraform.io/hashicorp/azurerm\"]",
      "instances": [
        {
          "schema_version": 0,
          "attributes": {
            "edge_zone": "",
            "frontend_ip_configuration": [
              {
                "gateway_load_balancer_frontend_ip_configuration_id": "",
                "id": "/subscriptions/0ea79fff-4d8c-4687-8082-109098c41c25/resourceGroups/IntLB-RGnew/providers/Microsoft.Network/loadBalancers/myIntLoadBalancer/frontendIPConfigurations/LoadBalancerFrontEnd",
                "inbound_nat_rules": [],
                "load_balancer_rules": [],
                "name": "LoadBalancerFrontEnd",
                "outbound_rules": [],
                "private_ip_address": "10.1.2.4",
                "private_ip_address_allocation": "Dynamic",
                "private_ip_address_version": "IPv4",
                "public_ip_address_id": "",
                "public_ip_prefix_id": "",
                "subnet_id": "/subscriptions/0ea79fff-4d8c-4687-8082-109098c41c25/resourceGroups/IntLB-RGnew/providers/Microsoft.Network/virtualNetworks/intlb-vnet/subnets/myFrontendSubnet",
                "zones": null
              }
            ],
            "id": "/subscriptions/0ea79fff-4d8c-4687-8082-109098c41c25/resourceGroups/IntLB-RGnew/providers/Microsoft.Network/loadBalancers/myIntLoadBalancer",
            "location": "eastus",
            "name": "myIntLoadBalancer",
            "private_ip_address": "10.1.2.4",
            "private_ip_addresses": [
              "10.1.2.4"
            ],
            "public_ip_address_id": null,
            "resource_group_name": "IntLB-RGnew",
            "sku": "Standard",
            "sku_tier": "Regional",
            "subnet_id": null,
            "tags": null,
            "timeouts": null
          },
          "sensitive_attributes": [],
          "identity_schema_version": 0,
          "private": "eyJlMmJmYjczMC1lY2FhLTExZTYtOGY4OC0zNDM2M2JjN2M0YzAiOnsiY3JlYXRlIjoxODAwMDAwMDAwMDAwLCJkZWxldGUiOjE4MDAwMDAwMDAwMDAsInJlYWQiOjMwMDAwMDAwMDAwMCwidXBkYXRlIjoxODAwMDAwMDAwMDAwfX0=",
          "dependencies": [
            "azurerm_resource_group.rgmain",
            "azurerm_subnet.Frontendsubnet",
            "azurerm_virtual_network.int-vnet"
          ]
        }
      ]
    },
    {
      "mode": "managed",
      "type": "azurerm_public_ip",
      "name": "bastion-pip",
      "provider": "provider[\"registry.terraform.io/hashicorp/azurerm\"]",
      "instances": [
        {
          "schema_version": 0,
          "attributes": {
            "allocation_method": "Static",
            "ddos_protection_mode": "VirtualNetworkInherited",
            "ddos_protection_plan_id": null,
            "domain_name_label": "",
            "domain_name_label_scope": "",
            "edge_zone": "",
            "fqdn": "",
            "id": "/subscriptions/0ea79fff-4d8c-4687-8082-109098c41c25/resourceGroups/IntLB-RGnew/providers/Microsoft.Network/publicIPAddresses/myBastionPublicIP",
            "idle_timeout_in_minutes": 4,
            "ip_address": "138.91.125.129",
            "ip_tags": {},
            "ip_version": "IPv4",
            "location": "eastus",
            "name": "myBastionPublicIP",
            "public_ip_prefix_id": null,
            "resource_group_name": "IntLB-RGnew",
            "reverse_fqdn": "",
            "sku": "Standard",
            "sku_tier": "Regional",
            "tags": {},
            "timeouts": null,
            "zones": []
          },
          "sensitive_attributes": [],
          "identity_schema_version": 0,
          "identity": {
            "name": "myBastionPublicIP",
            "resource_group_name": "IntLB-RGnew",
            "subscription_id": "0ea79fff-4d8c-4687-8082-109098c41c25"
          },
          "private": "eyJlMmJmYjczMC1lY2FhLTExZTYtOGY4OC0zNDM2M2JjN2M0YzAiOnsiY3JlYXRlIjoxODAwMDAwMDAwMDAwLCJkZWxldGUiOjE4MDAwMDAwMDAwMDAsInJlYWQiOjMwMDAwMDAwMDAwMCwidXBkYXRlIjoxODAwMDAwMDAwMDAwfX0=",
          "dependencies": [
            "azurerm_resource_group.rgmain"
          ]
        }
      ]
    },
    {
      "mode": "managed",
      "type": "azurerm_resource_group",
      "name": "rgmain",
      "provider": "provider[\"registry.terraform.io/hashicorp/azurerm\"]",
      "instances": [
        {
          "schema_version": 0,
          "attributes": {
            "id": "/subscriptions/0ea79fff-4d8c-4687-8082-109098c41c25/resourceGroups/IntLB-RGnew",
            "location": "eastus",
            "managed_by": "",
            "name": "IntLB-RGnew",
            "tags": {},
            "timeouts": null
          },
          "sensitive_attributes": [],
          "identity_schema_version": 0,
          "identity": {
            "name": "IntLB-RGnew",
            "subscription_id": "0ea79fff-4d8c-4687-8082-109098c41c25"
          },
          "private": "eyJlMmJmYjczMC1lY2FhLTExZTYtOGY4OC0zNDM2M2JjN2M0YzAiOnsiY3JlYXRlIjo1NDAwMDAwMDAwMDAwLCJkZWxldGUiOjU0MDAwMDAwMDAwMDAsInJlYWQiOjMwMDAwMDAwMDAwMCwidXBkYXRlIjo1NDAwMDAwMDAwMDAwfX0="
        }
      ]
    },
    {
      "mode": "managed",
      "type": "azurerm_subnet",
      "name": "BackendSubnet",
      "provider": "provider[\"registry.terraform.io/hashicorp/azurerm\"]",
      "instances": [
        {
          "schema_version": 0,
          "attributes": {
            "address_prefixes": [
              "10.1.0.0/24"
            ],
            "default_outbound_access_enabled": false,
            "delegation": [],
            "id": "/subscriptions/0ea79fff-4d8c-4687-8082-109098c41c25/resourceGroups/IntLB-RGnew/providers/Microsoft.Network/virtualNetworks/intlb-vnet/subnets/myBackendSubnet",
            "ip_address_pool": [],
            "name": "myBackendSubnet",
            "private_endpoint_network_policies": "Disabled",
            "private_link_service_network_policies_enabled": true,
            "resource_group_name": "IntLB-RGnew",
            "service_endpoint_policy_ids": [],
            "service_endpoints": [],
            "sharing_scope": "",
            "timeouts": null,
            "virtual_network_name": "intlb-vnet"
          },
          "sensitive_attributes": [],
          "identity_schema_version": 0,
          "identity": {
            "name": "myBackendSubnet",
            "resource_group_name": "IntLB-RGnew",
            "subscription_id": "0ea79fff-4d8c-4687-8082-109098c41c25",
            "virtual_network_name": "intlb-vnet"
          },
          "private": "eyJlMmJmYjczMC1lY2FhLTExZTYtOGY4OC0zNDM2M2JjN2M0YzAiOnsiY3JlYXRlIjoxODAwMDAwMDAwMDAwLCJkZWxldGUiOjE4MDAwMDAwMDAwMDAsInJlYWQiOjMwMDAwMDAwMDAwMCwidXBkYXRlIjoxODAwMDAwMDAwMDAwfX0=",
          "dependencies": [
            "azurerm_resource_group.rgmain",
            "azurerm_virtual_network.int-vnet"
          ]
        }
      ]
    },
    {
      "mode": "managed",
      "type": "azurerm_subnet",
      "name": "Frontendsubnet",
      "provider": "provider[\"registry.terraform.io/hashicorp/azurerm\"]",
      "instances": [
        {
          "schema_version": 0,
          "attributes": {
            "address_prefixes": [
              "10.1.2.0/24"
            ],
            "default_outbound_access_enabled": true,
            "delegation": [],
            "id": "/subscriptions/0ea79fff-4d8c-4687-8082-109098c41c25/resourceGroups/IntLB-RGnew/providers/Microsoft.Network/virtualNetworks/intlb-vnet/subnets/myFrontendSubnet",
            "ip_address_pool": [],
            "name": "myFrontendSubnet",
            "private_endpoint_network_policies": "Disabled",
            "private_link_service_network_policies_enabled": true,
            "resource_group_name": "IntLB-RGnew",
            "service_endpoint_policy_ids": [],
            "service_endpoints": [],
            "sharing_scope": "",
            "timeouts": null,
            "virtual_network_name": "intlb-vnet"
          },
          "sensitive_attributes": [],
          "identity_schema_version": 0,
          "identity": {
            "name": "myFrontendSubnet",
            "resource_group_name": "IntLB-RGnew",
            "subscription_id": "0ea79fff-4d8c-4687-8082-109098c41c25",
            "virtual_network_name": "intlb-vnet"
          },
          "private": "eyJlMmJmYjczMC1lY2FhLTExZTYtOGY4OC0zNDM2M2JjN2M0YzAiOnsiY3JlYXRlIjoxODAwMDAwMDAwMDAwLCJkZWxldGUiOjE4MDAwMDAwMDAwMDAsInJlYWQiOjMwMDAwMDAwMDAwMCwidXBkYXRlIjoxODAwMDAwMDAwMDAwfX0=",
          "dependencies": [
            "azurerm_resource_group.rgmain",
            "azurerm_virtual_network.int-vnet"
          ]
        }
      ]
    },
    {
      "mode": "managed",
      "type": "azurerm_subnet",
      "name": "bastion-subnet",
      "provider": "provider[\"registry.terraform.io/hashicorp/azurerm\"]",
      "instances": [
        {
          "schema_version": 0,
          "attributes": {
            "address_prefixes": [
              "10.1.3.0/24"
            ],
            "default_outbound_access_enabled": true,
            "delegation": [],
            "id": "/subscriptions/0ea79fff-4d8c-4687-8082-109098c41c25/resourceGroups/IntLB-RGnew/providers/Microsoft.Network/virtualNetworks/intlb-vnet/subnets/AzureBastionSubnet",
            "ip_address_pool": [],
            "name": "AzureBastionSubnet",
            "private_endpoint_network_policies": "Disabled",
            "private_link_service_network_policies_enabled": true,
            "resource_group_name": "IntLB-RGnew",
            "service_endpoint_policy_ids": [],
            "service_endpoints": [],
            "sharing_scope": "",
            "timeouts": null,
            "virtual_network_name": "intlb-vnet"
          },
          "sensitive_attributes": [],
          "identity_schema_version": 0,
          "identity": {
            "name": "AzureBastionSubnet",
            "resource_group_name": "IntLB-RGnew",
            "subscription_id": "0ea79fff-4d8c-4687-8082-109098c41c25",
            "virtual_network_name": "intlb-vnet"
          },
          "private": "eyJlMmJmYjczMC1lY2FhLTExZTYtOGY4OC0zNDM2M2JjN2M0YzAiOnsiY3JlYXRlIjoxODAwMDAwMDAwMDAwLCJkZWxldGUiOjE4MDAwMDAwMDAwMDAsInJlYWQiOjMwMDAwMDAwMDAwMCwidXBkYXRlIjoxODAwMDAwMDAwMDAwfX0=",
          "dependencies": [
            "azurerm_resource_group.rgmain",
            "azurerm_virtual_network.int-vnet"
          ]
        }
      ]
    },
    {
      "mode": "managed",
      "type": "azurerm_virtual_network",
      "name": "int-vnet",
      "provider": "provider[\"registry.terraform.io/hashicorp/azurerm\"]",
      "instances": [
        {
          "schema_version": 0,
          "attributes": {
            "address_space": [
              "10.1.0.0/16"
            ],
            "bgp_community": "",
            "ddos_protection_plan": [],
            "dns_servers": [],
            "edge_zone": "",
            "encryption": [],
            "flow_timeout_in_minutes": 0,
            "guid": "41bf4ebb-4d98-4609-9fc3-580d979f258c",
            "id": "/subscriptions/0ea79fff-4d8c-4687-8082-109098c41c25/resourceGroups/IntLB-RGnew/providers/Microsoft.Network/virtualNetworks/intlb-vnet",
            "ip_address_pool": [],
            "location": "eastus",
            "name": "intlb-vnet",
            "private_endpoint_vnet_policies": "Disabled",
            "resource_group_name": "IntLB-RGnew",
            "subnet": [
              {
                "address_prefixes": [
                  "10.1.0.0/24"
                ],
                "default_outbound_access_enabled": false,
                "delegation": [],
                "id": "/subscriptions/0ea79fff-4d8c-4687-8082-109098c41c25/resourceGroups/IntLB-RGnew/providers/Microsoft.Network/virtualNetworks/intlb-vnet/subnets/myBackendSubnet",
                "name": "myBackendSubnet",
                "private_endpoint_network_policies": "Disabled",
                "private_link_service_network_policies_enabled": true,
                "route_table_id": "",
                "security_group": "",
                "service_endpoint_policy_ids": [],
                "service_endpoints": []
              },
              {
                "address_prefixes": [
                  "10.1.2.0/24"
                ],
                "default_outbound_access_enabled": true,
                "delegation": [],
                "id": "/subscriptions/0ea79fff-4d8c-4687-8082-109098c41c25/resourceGroups/IntLB-RGnew/providers/Microsoft.Network/virtualNetworks/intlb-vnet/subnets/myFrontendSubnet",
                "name": "myFrontendSubnet",
                "private_endpoint_network_policies": "Disabled",
                "private_link_service_network_policies_enabled": true,
                "route_table_id": "",
                "security_group": "",
                "service_endpoint_policy_ids": [],
                "service_endpoints": []
              },
              {
                "address_prefixes": [
                  "10.1.3.0/24"
                ],
                "default_outbound_access_enabled": true,
                "delegation": [],
                "id": "/subscriptions/0ea79fff-4d8c-4687-8082-109098c41c25/resourceGroups/IntLB-RGnew/providers/Microsoft.Network/virtualNetworks/intlb-vnet/subnets/AzureBastionSubnet",
                "name": "AzureBastionSubnet",
                "private_endpoint_network_policies": "Disabled",
                "private_link_service_network_policies_enabled": true,
                "route_table_id": "",
                "security_group": "",
                "service_endpoint_policy_ids": [],
                "service_endpoints": []
              }
            ],
            "tags": {},
            "timeouts": null
          },
          "sensitive_attributes": [],
          "identity_schema_version": 0,
          "identity": {
            "name": "intlb-vnet",
            "resource_group_name": "IntLB-RGnew",
            "subscription_id": "0ea79fff-4d8c-4687-8082-109098c41c25"
          },
          "private": "eyJlMmJmYjczMC1lY2FhLTExZTYtOGY4OC0zNDM2M2JjN2M0YzAiOnsiY3JlYXRlIjoxODAwMDAwMDAwMDAwLCJkZWxldGUiOjE4MDAwMDAwMDAwMDAsInJlYWQiOjMwMDAwMDAwMDAwMCwidXBkYXRlIjoxODAwMDAwMDAwMDAwfX0=",
          "dependencies": [
            "azurerm_resource_group.rgmain"
          ]
        }
      ]
    }
  ],
  "check_results": null
}
